PODS:
  - camera (0.0.1):
    - Flutter
  - Flutter (1.0.0)
  - media_gallery (0.0.1):
    - Flutter
  - open_file (0.0.1):
    - Flutter
  - path_provider (0.0.1):
    - Flutter
  - scan_document (0.0.1):
    - Flutter

DEPENDENCIES:
  - camera (from `.symlinks/plugins/camera/ios`)
  - Flutter (from `Flutter`)
  - media_gallery (from `.symlinks/plugins/media_gallery/ios`)
  - open_file (from `.symlinks/plugins/open_file/ios`)
  - path_provider (from `.symlinks/plugins/path_provider/ios`)
  - scan_document (from `.symlinks/plugins/scan_document/ios`)

EXTERNAL SOURCES:
  camera:
    :path: ".symlinks/plugins/camera/ios"
  Flutter:
    :path: Flutter
  media_gallery:
    :path: ".symlinks/plugins/media_gallery/ios"
  open_file:
    :path: ".symlinks/plugins/open_file/ios"
  path_provider:
    :path: ".symlinks/plugins/path_provider/ios"
  scan_document:
    :path: ".symlinks/plugins/scan_document/ios"

SPEC CHECKSUMS:
  camera: a0ca5080336f7af47b88436e5e26da3dee5568f0
  Flutter: 434fef37c0980e73bb6479ef766c45957d4b510c
  media_gallery: 834a04455a476b975c280aa1f24ed2853dfe36de
  open_file: 02eb5cb6b21264bd3a696876f5afbfb7ca4f4b7d
  path_provider: abfe2b5c733d04e238b0d8691db0cfd63a27a93c
  scan_document: 289f6d591aba799c49c2235bed1fe350f7a9e743

PODFILE CHECKSUM: aafe91acc616949ddb318b77800a7f51bffa2a4c

COCOAPODS: 1.10.1
